
Microsoft Visual Studio Solution File, Format Version 12.00
# Visual Studio Version 16
VisualStudioVersion = 16.0.31112.23
MinimumVisualStudioVersion = 10.0.40219.1
Project("{2150E333-8FDC-42A3-9474-1A3956D46DE8}") = "Services", "Services", "{501E8E93-9A4C-42B2-B183-3F672F39C8A3}"
EndProject
Project("{2150E333-8FDC-42A3-9474-1A3956D46DE8}") = "Catalog", "Catalog", "{DA87DAE5-2994-4108-B6A6-D6ADF8FF1001}"
EndProject
Project("{FAE04EC0-301F-11D3-BF4B-00C04F79EFBC}") = "Catalog.API", "Services\Catalog\Catalog.API\Catalog.API.csproj", "{37749A62-4931-40A8-9675-B7A56C203430}"
EndProject
Global
	GlobalSection(SolutionConfigurationPlatforms) = preSolution
		Debug|Any CPU = Debug|Any CPU
		Release|Any CPU = Release|Any CPU
	EndGlobalSection
	GlobalSection(ProjectConfigurationPlatforms) = postSolution
		{37749A62-4931-40A8-9675-B7A56C203430}.Debug|Any CPU.ActiveCfg = Debug|Any CPU
		{37749A62-4931-40A8-9675-B7A56C203430}.Debug|Any CPU.Build.0 = Debug|Any CPU
		{37749A62-4931-40A8-9675-B7A56C203430}.Release|Any CPU.ActiveCfg = Release|Any CPU
		{37749A62-4931-40A8-9675-B7A56C203430}.Release|Any CPU.Build.0 = Release|Any CPU
	EndGlobalSection
	GlobalSection(SolutionProperties) = preSolution
		HideSolutionNode = FALSE
	EndGlobalSection
	GlobalSection(NestedProjects) = preSolution
		{DA87DAE5-2994-4108-B6A6-D6ADF8FF1001} = {501E8E93-9A4C-42B2-B183-3F672F39C8A3}
		{37749A62-4931-40A8-9675-B7A56C203430} = {DA87DAE5-2994-4108-B6A6-D6ADF8FF1001}
	EndGlobalSection
	GlobalSection(ExtensibilityGlobals) = postSolution
		SolutionGuid = {40FEFC7B-F20C-4E37-A1C3-3CF8EF877116}
	EndGlobalSection
EndGlobal
